// !$*UTF8*$!
{
	archiveVersion = 1;
	classes = {
	};
	objectVersion = 48;
	objects = {

/* Begin PBXBuildFile section */
		A0B7DCFE1FC8077A007EC3AC /* AppDelegate.swift in Sources */ = {isa = PBXBuildFile; fileRef = A0B7DCFD1FC8077A007EC3AC /* AppDelegate.swift */; };
		A0B7DD001FC8077A007EC3AC /* ViewController.swift in Sources */ = {isa = PBXBuildFile; fileRef = A0B7DCFF1FC8077A007EC3AC /* ViewController.swift */; };
		A0B7DD031FC8077A007EC3AC /* Main.storyboard in Resources */ = {isa = PBXBuildFile; fileRef = A0B7DD011FC8077A007EC3AC /* Main.storyboard */; };
		A0B7DD051FC8077A007EC3AC /* Assets.xcassets in Resources */ = {isa = PBXBuildFile; fileRef = A0B7DD041FC8077A007EC3AC /* Assets.xcassets */; };
		A0B7DD081FC8077A007EC3AC /* LaunchScreen.storyboard in Resources */ = {isa = PBXBuildFile; fileRef = A0B7DD061FC8077A007EC3AC /* LaunchScreen.storyboard */; };
		A0B7DD131FC8077B007EC3AC /* StadionMapTests.swift in Sources */ = {isa = PBXBuildFile; fileRef = A0B7DD121FC8077B007EC3AC /* StadionMapTests.swift */; };
		A0B7DD1E1FC8077B007EC3AC /* StadionMapUITests.swift in Sources */ = {isa = PBXBuildFile; fileRef = A0B7DD1D1FC8077B007EC3AC /* StadionMapUITests.swift */; };
/* End PBXBuildFile section */

/* Begin PBXContainerItemProxy section */
		A0B7DD0F1FC8077B007EC3AC /* PBXContainerItemProxy */ = {
			isa = PBXContainerItemProxy;
			containerPortal = A0B7DCF21FC8077A007EC3AC /* Project object */;
			proxyType = 1;
			remoteGlobalIDString = A0B7DCF91FC8077A007EC3AC;
			remoteInfo = StadionMap;
		};
		A0B7DD1A1FC8077B007EC3AC /* PBXContainerItemProxy */ = {
			isa = PBXContainerItemProxy;
			containerPortal = A0B7DCF21FC8077A007EC3AC /* Project object */;
			proxyType = 1;
			remoteGlobalIDString = A0B7DCF91FC8077A007EC3AC;
			remoteInfo = StadionMap;
		};
/* End PBXContainerItemProxy section */

/* Begin PBXFileReference section */
		A0B7DCFA1FC8077A007EC3AC /* StadionMap.app */ = {isa = PBXFileReference; explicitFileType = wrapper.application; includeInIndex = 0; path = StadionMap.app; sourceTree = BUILT_PRODUCTS_DIR; };
		A0B7DCFD1FC8077A007EC3AC /* AppDelegate.swift */ = {isa = PBXFileReference; lastKnownFileType = sourcecode.swift; path = AppDelegate.swift; sourceTree = "<group>"; };
		A0B7DCFF1FC8077A007EC3AC /* ViewController.swift */ = {isa = PBXFileReference; lastKnownFileType = sourcecode.swift; path = ViewController.swift; sourceTree = "<group>"; };
		A0B7DD021FC8077A007EC3AC /* Base */ = {isa = PBXFileReference; lastKnownFileType = file.storyboard; name = Base; path = Base.lproj/Main.storyboard; sourceTree = "<group>"; };
		A0B7DD041FC8077A007EC3AC /* Assets.xcassets */ = {isa = PBXFileReference; lastKnownFileType = folder.assetcatalog; path = Assets.xcassets; sourceTree = "<group>"; };
		A0B7DD071FC8077A007EC3AC /* Base */ = {isa = PBXFileReference; lastKnownFileType = file.storyboard; name = Base; path = Base.lproj/LaunchScreen.storyboard; sourceTree = "<group>"; };
		A0B7DD091FC8077A007EC3AC /* Info.plist */ = {isa = PBXFileReference; lastKnownFileType = text.plist.xml; path = Info.plist; sourceTree = "<group>"; };
		A0B7DD0E1FC8077B007EC3AC /* StadionMapTests.xctest */ = {isa = PBXFileReference; explicitFileType = wrapper.cfbundle; includeInIndex = 0; path = StadionMapTests.xctest; sourceTree = BUILT_PRODUCTS_DIR; };
		A0B7DD121FC8077B007EC3AC /* StadionMapTests.swift */ = {isa = PBXFileReference; lastKnownFileType = sourcecode.swift; path = StadionMapTests.swift; sourceTree = "<group>"; };
		A0B7DD141FC8077B007EC3AC /* Info.plist */ = {isa = PBXFileReference; lastKnownFileType = text.plist.xml; path = Info.plist; sourceTree = "<group>"; };
		A0B7DD191FC8077B007EC3AC /* StadionMapUITests.xctest */ = {isa = PBXFileReference; explicitFileType = wrapper.cfbundle; includeInIndex = 0; path = StadionMapUITests.xctest; sourceTree = BUILT_PRODUCTS_DIR; };
		A0B7DD1D1FC8077B007EC3AC /* StadionMapUITests.swift */ = {isa = PBXFileReference; lastKnownFileType = sourcecode.swift; path = StadionMapUITests.swift; sourceTree = "<group>"; };
		A0B7DD1F1FC8077B007EC3AC /* Info.plist */ = {isa = PBXFileReference; lastKnownFileType = text.plist.xml; path = Info.plist; sourceTree = "<group>"; };
/* End PBXFileReference section */

/* Begin PBXFrameworksBuildPhase section */
		A0B7DCF71FC8077A007EC3AC /* Frameworks */ = {
			isa = PBXFrameworksBuildPhase;
			buildActionMask = 2147483647;
			files = (
			);
			runOnlyForDeploymentPostprocessing = 0;
		};
		A0B7DD0B1FC8077B007EC3AC /* Frameworks */ = {
			isa = PBXFrameworksBuildPhase;
			buildActionMask = 2147483647;
			files = (
			);
			runOnlyForDeploymentPostprocessing = 0;
		};
		A0B7DD161FC8077B007EC3AC /* Frameworks */ = {
			isa = PBXFrameworksBuildPhase;
			buildActionMask = 2147483647;
			files = (
			);
			runOnlyForDeploymentPostprocessing = 0;
		};
/* End PBXFrameworksBuildPhase section */

/* Begin PBXGroup section */
		A0B7DCF11FC8077A007EC3AC = {
			isa = PBXGroup;
			children = (
				A0B7DCFC1FC8077A007EC3AC /* StadionMap */,
				A0B7DD111FC8077B007EC3AC /* StadionMapTests */,
				A0B7DD1C1FC8077B007EC3AC /* StadionMapUITests */,
				A0B7DCFB1FC8077A007EC3AC /* Products */,
			);
			sourceTree = "<group>";
		};
		A0B7DCFB1FC8077A007EC3AC /* Products */ = {
			isa = PBXGroup;
			children = (
				A0B7DCFA1FC8077A007EC3AC /* StadionMap.app */,
				A0B7DD0E1FC8077B007EC3AC /* StadionMapTests.xctest */,
				A0B7DD191FC8077B007EC3AC /* StadionMapUITests.xctest */,
			);
			name = Products;
			sourceTree = "<group>";
		};
		A0B7DCFC1FC8077A007EC3AC /* StadionMap */ = {
			isa = PBXGroup;
			children = (
				A0B7DCFD1FC8077A007EC3AC /* AppDelegate.swift */,
				A0B7DCFF1FC8077A007EC3AC /* ViewController.swift */,
				A0B7DD011FC8077A007EC3AC /* Main.storyboard */,
				A0B7DD041FC8077A007EC3AC /* Assets.xcassets */,
				A0B7DD061FC8077A007EC3AC /* LaunchScreen.storyboard */,
				A0B7DD091FC8077A007EC3AC /* Info.plist */,
			);
			path = StadionMap;
			sourceTree = "<group>";
		};
		A0B7DD111FC8077B007EC3AC /* StadionMapTests */ = {
			isa = PBXGroup;
			children = (
				A0B7DD121FC8077B007EC3AC /* StadionMapTests.swift */,
				A0B7DD141FC8077B007EC3AC /* Info.plist */,
			);
			path = StadionMapTests;
			sourceTree = "<group>";
		};
		A0B7DD1C1FC8077B007EC3AC /* StadionMapUITests */ = {
			isa = PBXGroup;
			children = (
				A0B7DD1D1FC8077B007EC3AC /* StadionMapUITests.swift */,
				A0B7DD1F1FC8077B007EC3AC /* Info.plist */,
			);
			path = StadionMapUITests;
			sourceTree = "<group>";
		};
/* End PBXGroup section */

/* Begin PBXNativeTarget section */
		A0B7DCF91FC8077A007EC3AC /* StadionMap */ = {
			isa = PBXNativeTarget;
			buildConfigurationList = A0B7DD221FC8077B007EC3AC /* Build configuration list for PBXNativeTarget "StadionMap" */;
			buildPhases = (
				A0B7DCF61FC8077A007EC3AC /* Sources */,
				A0B7DCF71FC8077A007EC3AC /* Frameworks */,
				A0B7DCF81FC8077A007EC3AC /* Resources */,
			);
			buildRules = (
			);
			dependencies = (
			);
			name = StadionMap;
			productName = StadionMap;
			productReference = A0B7DCFA1FC8077A007EC3AC /* StadionMap.app */;
			productType = "com.apple.product-type.application";
		};
		A0B7DD0D1FC8077B007EC3AC /* StadionMapTests */ = {
			isa = PBXNativeTarget;
			buildConfigurationList = A0B7DD251FC8077B007EC3AC /* Build configuration list for PBXNativeTarget "StadionMapTests" */;
			buildPhases = (
				A0B7DD0A1FC8077B007EC3AC /* Sources */,
				A0B7DD0B1FC8077B007EC3AC /* Frameworks */,
				A0B7DD0C1FC8077B007EC3AC /* Resources */,
			);
			buildRules = (
			);
			dependencies = (
				A0B7DD101FC8077B007EC3AC /* PBXTargetDependency */,
			);
			name = StadionMapTests;
			productName = StadionMapTests;
			productReference = A0B7DD0E1FC8077B007EC3AC /* StadionMapTests.xctest */;
			productType = "com.apple.product-type.bundle.unit-test";
		};
		A0B7DD181FC8077B007EC3AC /* StadionMapUITests */ = {
			isa = PBXNativeTarget;
			buildConfigurationList = A0B7DD281FC8077B007EC3AC /* Build configuration list for PBXNativeTarget "StadionMapUITests" */;
			buildPhases = (
				A0B7DD151FC8077B007EC3AC /* Sources */,
				A0B7DD161FC8077B007EC3AC /* Frameworks */,
				A0B7DD171FC8077B007EC3AC /* Resources */,
			);
			buildRules = (
			);
			dependencies = (
				A0B7DD1B1FC8077B007EC3AC /* PBXTargetDependency */,
			);
			name = StadionMapUITests;
			productName = StadionMapUITests;
			productReference = A0B7DD191FC8077B007EC3AC /* StadionMapUITests.xctest */;
			productType = "com.apple.product-type.bundle.ui-testing";
		};
/* End PBXNativeTarget section */

/* Begin PBXProject section */
		A0B7DCF21FC8077A007EC3AC /* Project object */ = {
			isa = PBXProject;
			attributes = {
				LastSwiftUpdateCheck = 0900;
				LastUpgradeCheck = 0900;
				ORGANIZATIONNAME = "Hilmy Corp.";
				TargetAttributes = {
					A0B7DCF91FC8077A007EC3AC = {
						CreatedOnToolsVersion = 9.0;
						ProvisioningStyle = Automatic;
					};
					A0B7DD0D1FC8077B007EC3AC = {
						CreatedOnToolsVersion = 9.0;
						ProvisioningStyle = Automatic;
						TestTargetID = A0B7DCF91FC8077A007EC3AC;
					};
					A0B7DD181FC8077B007EC3AC = {
						CreatedOnToolsVersion = 9.0;
						ProvisioningStyle = Automatic;
						TestTargetID = A0B7DCF91FC8077A007EC3AC;
					};
				};
			};
			buildConfigurationList = A0B7DCF51FC8077A007EC3AC /* Build configuration list for PBXProject "StadionMap" */;
			compatibilityVersion = "Xcode 8.0";
			developmentRegion = en;
			hasScannedForEncodings = 0;
			knownRegions = (
				en,
				Base,
			);
			mainGroup = A0B7DCF11FC8077A007EC3AC;
			productRefGroup = A0B7DCFB1FC8077A007EC3AC /* Products */;
			projectDirPath = "";
			projectRoot = "";
			targets = (
				A0B7DCF91FC8077A007EC3AC /* StadionMap */,
				A0B7DD0D1FC8077B007EC3AC /* StadionMapTests */,
				A0B7DD181FC8077B007EC3AC /* StadionMapUITests */,
			);
		};
/* End PBXProject section */

/* Begin PBXResourcesBuildPhase section */
		A0B7DCF81FC8077A007EC3AC /* Resources */ = {
			isa = PBXResourcesBuildPhase;
			buildActionMask = 2147483647;
			files = (
				A0B7DD081FC8077A007EC3AC /* LaunchScreen.storyboard in Resources */,
				A0B7DD051FC8077A007EC3AC /* Assets.xcassets in Resources */,
				A0B7DD031FC8077A007EC3AC /* Main.storyboard in Resources */,
			);
			runOnlyForDeploymentPostprocessing = 0;
		};
		A0B7DD0C1FC8077B007EC3AC /* Resources */ = {
			isa = PBXResourcesBuildPhase;
			buildActionMask = 2147483647;
			files = (
			);
			runOnlyForDeploymentPostprocessing = 0;
		};
		A0B7DD171FC8077B007EC3AC /* Resources */ = {
			isa = PBXResourcesBuildPhase;
			buildActionMask = 2147483647;
			files = (
			);
			runOnlyForDeploymentPostprocessing = 0;
		};
/* End PBXResourcesBuildPhase section */

/* Begin PBXSourcesBuildPhase section */
		A0B7DCF61FC8077A007EC3AC /* Sources */ = {
			isa = PBXSourcesBuildPhase;
			buildActionMask = 2147483647;
			files = (
				A0B7DD001FC8077A007EC3AC /* ViewController.swift in Sources */,
				A0B7DCFE1FC8077A007EC3AC /* AppDelegate.swift in Sources */,
			);
			runOnlyForDeploymentPostprocessing = 0;
		};
		A0B7DD0A1FC8077B007EC3AC /* Sources */ = {
			isa = PBXSourcesBuildPhase;
			buildActionMask = 2147483647;
			files = (
				A0B7DD131FC8077B007EC3AC /* StadionMapTests.swift in Sources */,
			);
			runOnlyForDeploymentPostprocessing = 0;
		};
		A0B7DD151FC8077B007EC3AC /* Sources */ = {
			isa = PBXSourcesBuildPhase;
			buildActionMask = 2147483647;
			files = (
				A0B7DD1E1FC8077B007EC3AC /* StadionMapUITests.swift in Sources */,
			);
			runOnlyForDeploymentPostprocessing = 0;
		};
/* End PBXSourcesBuildPhase section */

/* Begin PBXTargetDependency section */
		A0B7DD101FC8077B007EC3AC /* PBXTargetDependency */ = {
			isa = PBXTargetDependency;
			target = A0B7DCF91FC8077A007EC3AC /* StadionMap */;
			targetProxy = A0B7DD0F1FC8077B007EC3AC /* PBXContainerItemProxy */;
		};
		A0B7DD1B1FC8077B007EC3AC /* PBXTargetDependency */ = {
			isa = PBXTargetDependency;
			target = A0B7DCF91FC8077A007EC3AC /* StadionMap */;
			targetProxy = A0B7DD1A1FC8077B007EC3AC /* PBXContainerItemProxy */;
		};
/* End PBXTargetDependency section */

/* Begin PBXVariantGroup section */
		A0B7DD011FC8077A007EC3AC /* Main.storyboard */ = {
			isa = PBXVariantGroup;
			children = (
				A0B7DD021FC8077A007EC3AC /* Base */,
			);
			name = Main.storyboard;
			sourceTree = "<group>";
		};
		A0B7DD061FC8077A007EC3AC /* LaunchScreen.storyboard */ = {
			isa = PBXVariantGroup;
			children = (
				A0B7DD071FC8077A007EC3AC /* Base */,
			);
			name = LaunchScreen.storyboard;
			sourceTree = "<group>";
		};
/* End PBXVariantGroup section */

/* Begin XCBuildConfiguration section */
		A0B7DD201FC8077B007EC3AC /* Debug */ = {
			isa = XCBuildConfiguration;
			buildSettings = {
				ALWAYS_SEARCH_USER_PATHS = NO;
				CLANG_ANALYZER_NONNULL = YES;
				CLANG_ANALYZER_NUMBER_OBJECT_CONVERSION = YES_AGGRESSIVE;
				CLANG_CXX_LANGUAGE_STANDARD = "gnu++14";
				CLANG_CXX_LIBRARY = "libc++";
				CLANG_ENABLE_MODULES = YES;
				CLANG_ENABLE_OBJC_ARC = YES;
				CLANG_WARN_BLOCK_CAPTURE_AUTORELEASING = YES;
				CLANG_WARN_BOOL_CONVERSION = YES;
				CLANG_WARN_COMMA = YES;
				CLANG_WARN_CONSTANT_CONVERSION = YES;
				CLANG_WARN_DIRECT_OBJC_ISA_USAGE = YES_ERROR;
				CLANG_WARN_DOCUMENTATION_COMMENTS = YES;
				CLANG_WARN_EMPTY_BODY = YES;
				CLANG_WARN_ENUM_CONVERSION = YES;
				CLANG_WARN_INFINITE_RECURSION = YES;
				CLANG_WARN_INT_CONVERSION = YES;
				CLANG_WARN_NON_LITERAL_NULL_CONVERSION = YES;
				CLANG_WARN_OBJC_LITERAL_CONVERSION = YES;
				CLANG_WARN_OBJC_ROOT_CLASS = YES_ERROR;
				CLANG_WARN_RANGE_LOOP_ANALYSIS = YES;
				CLANG_WARN_STRICT_PROTOTYPES = YES;
				CLANG_WARN_SUSPICIOUS_MOVE = YES;
				CLANG_WARN_UNGUARDED_AVAILABILITY = YES_AGGRESSIVE;
				CLANG_WARN_UNREACHABLE_CODE = YES;
				CLANG_WARN__DUPLICATE_METHOD_MATCH = YES;
				CODE_SIGN_IDENTITY = "iPhone Developer";
				COPY_PHASE_STRIP = NO;
				DEBUG_INFORMATION_FORMAT = dwarf;
				ENABLE_STRICT_OBJC_MSGSEND = YES;
				ENABLE_TESTABILITY = YES;
				GCC_C_LANGUAGE_STANDARD = gnu11;
				GCC_DYNAMIC_NO_PIC = NO;
				GCC_NO_COMMON_BLOCKS = YES;
				GCC_OPTIMIZATION_LEVEL = 0;
				GCC_PREPROCESSOR_DEFINITIONS = (
					"DEBUG=1",
					"$(inherited)",
				);
				GCC_WARN_64_TO_32_BIT_CONVERSION = YES;
				GCC_WARN_ABOUT_RETURN_TYPE = YES_ERROR;
				GCC_WARN_UNDECLARED_SELECTOR = YES;
				GCC_WARN_UNINITIALIZED_AUTOS = YES_AGGRESSIVE;
				GCC_WARN_UNUSED_FUNCTION = YES;
				GCC_WARN_UNUSED_VARIABLE = YES;
				IPHONEOS_DEPLOYMENT_TARGET = 11.0;
				MTL_ENABLE_DEBUG_INFO = YES;
				ONLY_ACTIVE_ARCH = YES;
				SDKROOT = iphoneos;
				SWIFT_ACTIVE_COMPILATION_CONDITIONS = DEBUG;
				SWIFT_OPTIMIZATION_LEVEL = "-Onone";
			};
			name = Debug;
		};
		A0B7DD211FC8077B007EC3AC /* Release */ = {
			isa = XCBuildConfiguration;
			buildSettings = {
				ALWAYS_SEARCH_USER_PATHS = NO;
				CLANG_ANALYZER_NONNULL = YES;
				CLANG_ANALYZER_NUMBER_OBJECT_CONVERSION = YES_AGGRESSIVE;
				CLANG_CXX_LANGUAGE_STANDARD = "gnu++14";
				CLANG_CXX_LIBRARY = "libc++";
				CLANG_ENABLE_MODULES = YES;
				CLANG_ENABLE_OBJC_ARC = YES;
				CLANG_WARN_BLOCK_CAPTURE_AUTORELEASING = YES;
				CLANG_WARN_BOOL_CONVERSION = YES;
				CLANG_WARN_COMMA = YES;
				CLANG_WARN_CONSTANT_CONVERSION = YES;
				CLANG_WARN_DIRECT_OBJC_ISA_USAGE = YES_ERROR;
				CLANG_WARN_DOCUMENTATION_COMMENTS = YES;
				CLANG_WARN_EMPTY_BODY = YES;
				CLANG_WARN_ENUM_CONVERSION = YES;
				CLANG_WARN_INFINITE_RECURSION = YES;
				CLANG_WARN_INT_CONVERSION = YES;
				CLANG_WARN_NON_LITERAL_NULL_CONVERSION = YES;
				CLANG_WARN_OBJC_LITERAL_CONVERSION = YES;
				CLANG_WARN_OBJC_ROOT_CLASS = YES_ERROR;
				CLANG_WARN_RANGE_LOOP_ANALYSIS = YES;
				CLANG_WARN_STRICT_PROTOTYPES = YES;
				CLANG_WARN_SUSPICIOUS_MOVE = YES;
				CLANG_WARN_UNGUARDED_AVAILABILITY = YES_AGGRESSIVE;
				CLANG_WARN_UNREACHABLE_CODE = YES;
				CLANG_WARN__DUPLICATE_METHOD_MATCH = YES;
				CODE_SIGN_IDENTITY = "iPhone Developer";
				COPY_PHASE_STRIP = NO;
				DEBUG_INFORMATION_FORMAT = "dwarf-with-dsym";
				ENABLE_NS_ASSERTIONS = NO;
				ENABLE_STRICT_OBJC_MSGSEND = YES;
				GCC_C_LANGUAGE_STANDARD = gnu11;
				GCC_NO_COMMON_BLOCKS = YES;
				GCC_WARN_64_TO_32_BIT_CONVERSION = YES;
				GCC_WARN_ABOUT_RETURN_TYPE = YES_ERROR;
				GCC_WARN_UNDECLARED_SELECTOR = YES;
				GCC_WARN_UNINITIALIZED_AUTOS = YES_AGGRESSIVE;
				GCC_WARN_UNUSED_FUNCTION = YES;
				GCC_WARN_UNUSED_VARIABLE = YES;
				IPHONEOS_DEPLOYMENT_TARGET = 11.0;
				MTL_ENABLE_DEBUG_INFO = NO;
				SDKROOT = iphoneos;
				SWIFT_OPTIMIZATION_LEVEL = "-Owholemodule";
				VALIDATE_PRODUCT = YES;
			};
			name = Release;
		};
		A0B7DD231FC8077B007EC3AC /* Debug */ = {
			isa = XCBuildConfiguration;
			buildSettings = {
				ASSETCATALOG_COMPILER_APPICON_NAME = AppIcon;
				CODE_SIGN_STYLE = Automatic;
				DEVELOPMENT_TEAM = 72C5A4RQ56;
				INFOPLIST_FILE = StadionMap/Info.plist;
				LD_RUNPATH_SEARCH_PATHS = "$(inherited) @executable_path/Frameworks";
				PRODUCT_BUNDLE_IDENTIFIER = "Hilmy-Fauzi.StadionMap";
				PRODUCT_NAME = "$(TARGET_NAME)";
				SWIFT_VERSION = 4.0;
				TARGETED_DEVICE_FAMILY = "1,2";
			};
			name = Debug;
		};
		A0B7DD241FC8077B007EC3AC /* Release */ = {
			isa = XCBuildConfiguration;
			buildSettings = {
				ASSETCATALOG_COMPILER_APPICON_NAME = AppIcon;
				CODE_SIGN_STYLE = Automatic;
				DEVELOPMENT_TEAM = 72C5A4RQ56;
				INFOPLIST_FILE = StadionMap/Info.plist;
				LD_RUNPATH_SEARCH_PATHS = "$(inherited) @executable_path/Frameworks";
				PRODUCT_BUNDLE_IDENTIFIER = "Hilmy-Fauzi.StadionMap";
				PRODUCT_NAME = "$(TARGET_NAME)";
				SWIFT_VERSION = 4.0;
				TARGETED_DEVICE_FAMILY = "1,2";
			};
			name = Release;
		};
		A0B7DD261FC8077B007EC3AC /* Debug */ = {
			isa = XCBuildConfiguration;
			buildSettings = {
				ALWAYS_EMBED_SWIFT_STANDARD_LIBRARIES = YES;
				BUNDLE_LOADER = "$(TEST_HOST)";
				CODE_SIGN_STYLE = Automatic;
				DEVELOPMENT_TEAM = 72C5A4RQ56;
				INFOPLIST_FILE = StadionMapTests/Info.plist;
				LD_RUNPATH_SEARCH_PATHS = "$(inherited) @executable_path/Frameworks @loader_path/Frameworks";
				PRODUCT_BUNDLE_IDENTIFIER = "Hilmy-Fauzi.StadionMapTests";
				PRODUCT_NAME = "$(TARGET_NAME)";
				SWIFT_VERSION = 4.0;
				TARGETED_DEVICE_FAMILY = "1,2";
				TEST_HOST = "$(BUILT_PRODUCTS_DIR)/StadionMap.app/StadionMap";
			};
			name = Debug;
		};
		A0B7DD271FC8077B007EC3AC /* Release */ = {
			isa = XCBuildConfiguration;
			buildSettings = {
				ALWAYS_EMBED_SWIFT_STANDARD_LIBRARIES = YES;
				BUNDLE_LOADER = "$(TEST_HOST)";
				CODE_SIGN_STYLE = Automatic;
				DEVELOPMENT_TEAM = 72C5A4RQ56;
				INFOPLIST_FILE = StadionMapTests/Info.plist;
				LD_RUNPATH_SEARCH_PATHS = "$(inherited) @executable_path/Frameworks @loader_path/Frameworks";
				PRODUCT_BUNDLE_IDENTIFIER = "Hilmy-Fauzi.StadionMapTests";
				PRODUCT_NAME = "$(TARGET_NAME)";
				SWIFT_VERSION = 4.0;
				TARGETED_DEVICE_FAMILY = "1,2";
				TEST_HOST = "$(BUILT_PRODUCTS_DIR)/StadionMap.app/StadionMap";
			};
			name = Release;
		};
		A0B7DD291FC8077B007EC3AC /* Debug */ = {
			isa = XCBuildConfiguration;
			buildSettings = {
				ALWAYS_EMBED_SWIFT_STANDARD_LIBRARIES = YES;
				CODE_SIGN_STYLE = Automatic;
				DEVELOPMENT_TEAM = 72C5A4RQ56;
				INFOPLIST_FILE = StadionMapUITests/Info.plist;
				LD_RUNPATH_SEARCH_PATHS = "$(inherited) @executable_path/Frameworks @loader_path/Frameworks";
				PRODUCT_BUNDLE_IDENTIFIER = "Hilmy-Fauzi.StadionMapUITests";
				PRODUCT_NAME = "$(TARGET_NAME)";
				SWIFT_VERSION = 4.0;
				TARGETED_DEVICE_FAMILY = "1,2";
				TEST_TARGET_NAME = StadionMap;
			};
			name = Debug;
		};
		A0B7DD2A1FC8077B007EC3AC /* Release */ = {
			isa = XCBuildConfiguration;
			buildSettings = {
				ALWAYS_EMBED_SWIFT_STANDARD_LIBRARIES = YES;
				CODE_SIGN_STYLE = Automatic;
				DEVELOPMENT_TEAM = 72C5A4RQ56;
				INFOPLIST_FILE = StadionMapUITests/Info.plist;
				LD_RUNPATH_SEARCH_PATHS = "$(inherited) @executable_path/Frameworks @loader_path/Frameworks";
				PRODUCT_BUNDLE_IDENTIFIER = "Hilmy-Fauzi.StadionMapUITests";
				PRODUCT_NAME = "$(TARGET_NAME)";
				SWIFT_VERSION = 4.0;
				TARGETED_DEVICE_FAMILY = "1,2";
				TEST_TARGET_NAME = StadionMap;
			};
			name = Release;
		};
/* End XCBuildConfiguration section */

/* Begin XCConfigurationList section */
		A0B7DCF51FC8077A007EC3AC /* Build configuration list for PBXProject "StadionMap" */ = {
			isa = XCConfigurationList;
			buildConfigurations = (
				A0B7DD201FC8077B007EC3AC /* Debug */,
				A0B7DD211FC8077B007EC3AC /* Release */,
			);
			defaultConfigurationIsVisible = 0;
			defaultConfigurationName = Release;
		};
		A0B7DD221FC8077B007EC3AC /* Build configuration list for PBXNativeTarget "StadionMap" */ = {
			isa = XCConfigurationList;
			buildConfigurations = (
				A0B7DD231FC8077B007EC3AC /* Debug */,
				A0B7DD241FC8077B007EC3AC /* Release */,
			);
			defaultConfigurationIsVisible = 0;
			defaultConfigurationName = Release;
		};
		A0B7DD251FC8077B007EC3AC /* Build configuration list for PBXNativeTarget "StadionMapTests" */ = {
			isa = XCConfigurationList;
			buildConfigurations = (
				A0B7DD261FC8077B007EC3AC /* Debug */,
				A0B7DD271FC8077B007EC3AC /* Release */,
			);
			defaultConfigurationIsVisible = 0;
			defaultConfigurationName = Release;
		};
		A0B7DD281FC8077B007EC3AC /* Build configuration list for PBXNativeTarget "StadionMapUITests" */ = {
			isa = XCConfigurationList;
			buildConfigurations = (
				A0B7DD291FC8077B007EC3AC /* Debug */,
				A0B7DD2A1FC8077B007EC3AC /* Release */,
			);
			defaultConfigurationIsVisible = 0;
			defaultConfigurationName = Release;
		};
/* End XCConfigurationList section */
	};
	rootObject = A0B7DCF21FC8077A007EC3AC /* Project object */;
}
